
Microsoft Visual Studio Solution File, Format Version 12.00
# Visual Studio Version 16
VisualStudioVersion = 16.0.29503.13
MinimumVisualStudioVersion = 10.0.40219.1
Project("{8BC9CEB8-8B4A-11D0-8D11-00A0C91BC942}") = "MathFuncsLib", "MathFuncsLib\MathFuncsLib.vcxproj", "{75FE69F2-C370-4B66-B1B4-1EDD19D9335D}"
EndProject
Project("{8BC9CEB8-8B4A-11D0-8D11-00A0C91BC942}") = "MyExecRefsLib", "MyExecRefsLib\MyExecRefsLib.vcxproj", "{338F6E02-7EFD-4CD9-9159-65A8CB527699}"
EndProject
Global
	GlobalSection(SolutionConfigurationPlatforms) = preSolution
		Debug|x64 = Debug|x64
		Debug|x86 = Debug|x86
		Release|x64 = Release|x64
		Release|x86 = Release|x86
	EndGlobalSection
	GlobalSection(ProjectConfigurationPlatforms) = postSolution
		{75FE69F2-C370-4B66-B1B4-1EDD19D9335D}.Debug|x64.ActiveCfg = Debug|x64
		{75FE69F2-C370-4B66-B1B4-1EDD19D9335D}.Debug|x64.Build.0 = Debug|x64
		{75FE69F2-C370-4B66-B1B4-1EDD19D9335D}.Debug|x86.ActiveCfg = Debug|Win32
		{75FE69F2-C370-4B66-B1B4-1EDD19D9335D}.Debug|x86.Build.0 = Debug|Win32
		{75FE69F2-C370-4B66-B1B4-1EDD19D9335D}.Release|x64.ActiveCfg = Release|x64
		{75FE69F2-C370-4B66-B1B4-1EDD19D9335D}.Release|x64.Build.0 = Release|x64
		{75FE69F2-C370-4B66-B1B4-1EDD19D9335D}.Release|x86.ActiveCfg = Release|Win32
		{75FE69F2-C370-4B66-B1B4-1EDD19D9335D}.Release|x86.Build.0 = Release|Win32
		{338F6E02-7EFD-4CD9-9159-65A8CB527699}.Debug|x64.ActiveCfg = Debug|x64
		{338F6E02-7EFD-4CD9-9159-65A8CB527699}.Debug|x64.Build.0 = Debug|x64
		{338F6E02-7EFD-4CD9-9159-65A8CB527699}.Debug|x86.ActiveCfg = Debug|Win32
		{338F6E02-7EFD-4CD9-9159-65A8CB527699}.Debug|x86.Build.0 = Debug|Win32
		{338F6E02-7EFD-4CD9-9159-65A8CB527699}.Release|x64.ActiveCfg = Release|x64
		{338F6E02-7EFD-4CD9-9159-65A8CB527699}.Release|x64.Build.0 = Release|x64
		{338F6E02-7EFD-4CD9-9159-65A8CB527699}.Release|x86.ActiveCfg = Release|Win32
		{338F6E02-7EFD-4CD9-9159-65A8CB527699}.Release|x86.Build.0 = Release|Win32
	EndGlobalSection
	GlobalSection(SolutionProperties) = preSolution
		HideSolutionNode = FALSE
	EndGlobalSection
	GlobalSection(ExtensibilityGlobals) = postSolution
		SolutionGuid = {1E2185A3-FCCE-402C-A975-BB07665D5A3F}
	EndGlobalSection
EndGlobal
